# THIS IS AN AUTOGENERATED FILE. DO NOT EDIT THIS FILE DIRECTLY.
# yarn lockfile v1


social-media-url-validator@^1.0.0:
  version "1.0.0"
  resolved "https://registry.yarnpkg.com/social-media-url-validator/-/social-media-url-validator-1.0.0.tgz#18186eeb2b037636a88151949e241bf5b177938b"
  integrity sha512-T81gw3vp6sZJF5zmuY1MZhAMhoz16AFzFj5GJejHvhOoMcDhYSLkX5fiqTtKmmsquDgecNat40RBLAcpy1BdSA==
